<?xml version="1.0" encoding="UTF-8" standalone="yes" ?>
<CodeBlocks_project_file>
	<FileVersion major="1" minor="6" />
	<Project>
		<Option title="Lix" />
		<Option execution_dir=".." />
		<Option pch_mode="2" />
		<Option compiler="gcc" />
		<Option show_notes="0">
			<notes>
				<![CDATA[// debugging fuer allgemeine Hinweise
// lemdebug fuer Umarbeiten Lemming -> Lix

Basher soll im 1. Stroke weniger Erde zum Weitermachen verlangen, oder immer durch eine Treppe bohren.

Absturz bei Shift+Esc aus Spielraum, nicht Lobby

--------- In Arbeit: 

Hatches gehen zu und machen dabei Krach. Hatches gehen derzeit zu weit auf (lila) und das Zumach-Frame wird noch nicht gesetzt. Hatches sollten sehr wahrscheinlich Bestandteil des aktuellen Standes sein!

Editor markiert Dinge nicht nach dem angezeigten/maximalen Frame.

------------- Irgendwann spaeter:

Man untersuche, ob statt #ifdef _WIN32 #include <winalleg.h> auch das hier geht:
#define BITMAP AL_BITMAP
#define RGB AL_RGB
#include <allegro.h>
#undef BITMAP
#undef RGB
]]>
			</notes>
		</Option>
		<Build>
			<Target title="Debug">
				<Option platforms="Windows;" />
				<Option output="../bin/lix_debug.exe" prefix_auto="0" extension_auto="0" />
				<Option working_dir="../" />
				<Option object_output="../obj/Debug" />
				<Option type="1" />
				<Option compiler="gcc" />
				<Option use_console_runner="0" />
				<Compiler>
					<Add option="-g" />
				</Compiler>
			</Target>
			<Target title="Debug (Fenstermodus)">
				<Option platforms="Windows;" />
				<Option output="../bin/lix_debug.exe" prefix_auto="0" extension_auto="0" />
				<Option working_dir="../" />
				<Option object_output="../obj/Debug" />
				<Option type="1" />
				<Option compiler="gcc" />
				<Option use_console_runner="0" />
				<Option parameters="-w" />
				<Compiler>
					<Add option="-g" />
				</Compiler>
			</Target>
			<Target title="Release">
				<Option platforms="Windows;" />
				<Option output="../bin/lix.exe" prefix_auto="0" extension_auto="0" />
				<Option working_dir="../" />
				<Option object_output="../obj/" />
				<Option type="1" />
				<Option compiler="gcc" />
				<Option use_console_runner="0" />
				<Compiler>
					<Add option="-O3" />
				</Compiler>
				<Linker>
					<Add option="-s" />
				</Linker>
			</Target>
			<Target title="Release (Linux)">
				<Option platforms="Unix;" />
				<Option output="../bin/lix" prefix_auto="0" extension_auto="0" />
				<Option working_dir="../" />
				<Option object_output="../obj/" />
				<Option type="1" />
				<Option compiler="gcc" />
				<Option use_console_runner="0" />
				<Option projectLinkerOptionsRelation="1" />
				<Compiler>
					<Add option="-O3" />
					<Add option="-Wall" />
					<Add option="-ansi" />
				</Compiler>
				<Linker>
					<Add option="-s" />
					<Add option="`allegro-config --libs`" />
					<Add option="-lenet" />
				</Linker>
			</Target>
			<Target title="Debug (Linux)">
				<Option platforms="Unix;" />
				<Option output="../bin/lix" prefix_auto="0" extension_auto="0" />
				<Option working_dir="../" />
				<Option object_output="../obj/Debug/" />
				<Option type="1" />
				<Option compiler="gcc" />
				<Option use_console_runner="0" />
				<Option parameters="-w" />
				<Option projectLinkerOptionsRelation="1" />
				<Compiler>
					<Add option="-O3" />
					<Add option="-Wall" />
					<Add option="-ansi" />
					<Add option="-g" />
				</Compiler>
				<Linker>
					<Add option="`allegro-config --libs`" />
					<Add option="-lenet" />
				</Linker>
			</Target>
		</Build>
		<Compiler>
			<Add option="-W" />
			<Add option="-Wall" />
			<Add option="-ansi" />
		</Compiler>
		<Linker>
			<Add option="--subsystem,windows" />
			<Add option="-lalleg" />
			<Add option="-mwindows" />
			<Add option="-lenet" />
			<Add option="-lws2_32" />
			<Add option="-lwinmm" />
		</Linker>
		<Unit filename="api/brow_sav.cpp" />
		<Unit filename="api/brow_sav.h" />
		<Unit filename="api/button/b_bitmap.cpp" />
		<Unit filename="api/button/b_bitmap.h" />
		<Unit filename="api/button/b_combin.cpp" />
		<Unit filename="api/button/b_combin.h" />
		<Unit filename="api/button/b_enum.cpp" />
		<Unit filename="api/button/b_enum.h" />
		<Unit filename="api/button/b_key.cpp" />
		<Unit filename="api/button/b_key.h" />
		<Unit filename="api/button/b_skill.cpp" />
		<Unit filename="api/button/b_skill.h" />
		<Unit filename="api/button/b_text.cpp" />
		<Unit filename="api/button/b_text.h" />
		<Unit filename="api/button/button.cpp" />
		<Unit filename="api/button/button.h" />
		<Unit filename="api/element.cpp" />
		<Unit filename="api/element.h" />
		<Unit filename="api/frame.cpp" />
		<Unit filename="api/frame.h" />
		<Unit filename="api/label.cpp" />
		<Unit filename="api/label.h" />
		<Unit filename="api/labeltwo.cpp" />
		<Unit filename="api/labeltwo.h" />
		<Unit filename="api/list_dir.cpp" />
		<Unit filename="api/list_dir.h" />
		<Unit filename="api/list_fil.cpp" />
		<Unit filename="api/list_fil.h" />
		<Unit filename="api/list_lev.cpp" />
		<Unit filename="api/list_lev.h" />
		<Unit filename="api/manager.cpp" />
		<Unit filename="api/manager.h" />
		<Unit filename="api/message.cpp" />
		<Unit filename="api/message.h" />
		<Unit filename="api/number.cpp" />
		<Unit filename="api/number.h" />
		<Unit filename="api/texttype.cpp" />
		<Unit filename="api/texttype.h" />
		<Unit filename="api/window.cpp" />
		<Unit filename="api/window.h" />
		<Unit filename="editor/bit_brow.cpp" />
		<Unit filename="editor/bit_brow.h" />
		<Unit filename="editor/button_k.h" />
		<Unit filename="editor/editor.cpp" />
		<Unit filename="editor/editor.h" />
		<Unit filename="editor/editor_c.cpp" />
		<Unit filename="editor/editor_d.cpp" />
		<Unit filename="editor/editor_f.cpp" />
		<Unit filename="editor/graph_ed.cpp" />
		<Unit filename="editor/graph_ed.h" />
		<Unit filename="editor/win_scro.cpp" />
		<Unit filename="editor/win_scro.h" />
		<Unit filename="editor/win_size.cpp" />
		<Unit filename="editor/win_size.h" />
		<Unit filename="editor/win_skil.cpp" />
		<Unit filename="editor/win_skil.h" />
		<Unit filename="editor/win_var.cpp" />
		<Unit filename="editor/win_var.h" />
		<Unit filename="gameplay/effect.cpp" />
		<Unit filename="gameplay/effect.h" />
		<Unit filename="gameplay/gamepl_a.cpp" />
		<Unit filename="gameplay/gamepl_c.cpp" />
		<Unit filename="gameplay/gamepl_d.cpp" />
		<Unit filename="gameplay/gamepl_u.cpp" />
		<Unit filename="gameplay/gameplay.cpp" />
		<Unit filename="gameplay/gameplay.h" />
		<Unit filename="gameplay/goal.cpp" />
		<Unit filename="gameplay/goal.h" />
		<Unit filename="gameplay/gui/arrow.cpp" />
		<Unit filename="gameplay/gui/arrow.h" />
		<Unit filename="gameplay/gui/chat.cpp" />
		<Unit filename="gameplay/gui/chat.h" />
		<Unit filename="gameplay/gui/pan_i_tr.cpp" />
		<Unit filename="gameplay/gui/pan_info.cpp" />
		<Unit filename="gameplay/gui/pan_info.h" />
		<Unit filename="gameplay/gui/panel.cpp" />
		<Unit filename="gameplay/gui/panel.h" />
		<Unit filename="gameplay/gui/win_game.cpp" />
		<Unit filename="gameplay/gui/win_game.h" />
		<Unit filename="gameplay/hatch.cpp" />
		<Unit filename="gameplay/hatch.h" />
		<Unit filename="gameplay/lookup.cpp" />
		<Unit filename="gameplay/lookup.h" />
		<Unit filename="gameplay/replay.cpp" />
		<Unit filename="gameplay/replay.h" />
		<Unit filename="gameplay/state.cpp" />
		<Unit filename="gameplay/state.h" />
		<Unit filename="gameplay/state_ma.cpp" />
		<Unit filename="gameplay/state_ma.h" />
		<Unit filename="gameplay/tribe.cpp" />
		<Unit filename="gameplay/tribe.h" />
		<Unit filename="graphic/bitlist.cpp" />
		<Unit filename="graphic/cutbit.cpp" />
		<Unit filename="graphic/cutbit.h" />
		<Unit filename="graphic/glob_gfx.cpp" />
		<Unit filename="graphic/glob_gfx.h" />
		<Unit filename="graphic/gra_lib.cpp" />
		<Unit filename="graphic/gra_lib.h" />
		<Unit filename="graphic/graph_bg.cpp" />
		<Unit filename="graphic/graph_bg.h" />
		<Unit filename="graphic/graphic.cpp" />
		<Unit filename="graphic/graphic.h" />
		<Unit filename="graphic/map.cpp" />
		<Unit filename="graphic/map.h" />
		<Unit filename="graphic/map_d.cpp" />
		<Unit filename="graphic/sound.cpp" />
		<Unit filename="graphic/sound.h" />
		<Unit filename="graphic/torbit.cpp" />
		<Unit filename="graphic/torbit.h" />
		<Unit filename="icon.rc">
			<Option compilerVar="WINDRES" />
			<Option target="Debug" />
			<Option target="Debug (Fenstermodus)" />
			<Option target="Release" />
		</Unit>
		<Unit filename="level/crunch.cpp" />
		<Unit filename="level/crunch.h" />
		<Unit filename="level/graset.cpp" />
		<Unit filename="level/graset.h" />
		<Unit filename="level/graset_1.cpp" />
		<Unit filename="level/graset_1.h" />
		<Unit filename="level/graset_2.cpp" />
		<Unit filename="level/graset_2.h" />
		<Unit filename="level/level.cpp" />
		<Unit filename="level/level.h" />
		<Unit filename="level/level_bi.cpp" />
		<Unit filename="level/level_dr.cpp" />
		<Unit filename="level/level_io.cpp" />
		<Unit filename="level/obj_lib.cpp" />
		<Unit filename="level/obj_lib.h" />
		<Unit filename="level/object.cpp" />
		<Unit filename="level/object.h" />
		<Unit filename="lix/ac.h" />
		<Unit filename="lix/ac_func.cpp" />
		<Unit filename="lix/ac_func.h" />
		<Unit filename="lix/basher.cpp" />
		<Unit filename="lix/batter.cpp" />
		<Unit filename="lix/blocker.cpp" />
		<Unit filename="lix/builder.cpp" />
		<Unit filename="lix/climber.cpp" />
		<Unit filename="lix/cuber.cpp" />
		<Unit filename="lix/deaths.cpp" />
		<Unit filename="lix/digger.cpp" />
		<Unit filename="lix/exiter.cpp" />
		<Unit filename="lix/exploder.cpp" />
		<Unit filename="lix/faller.cpp" />
		<Unit filename="lix/floater.cpp" />
		<Unit filename="lix/init.cpp" />
		<Unit filename="lix/jumper.cpp" />
		<Unit filename="lix/lander.cpp" />
		<Unit filename="lix/lix.cpp" />
		<Unit filename="lix/lix.h" />
		<Unit filename="lix/lix_ac.cpp" />
		<Unit filename="lix/lix_enum.cpp" />
		<Unit filename="lix/lix_enum.h" />
		<Unit filename="lix/lix_upd.cpp" />
		<Unit filename="lix/miner.cpp" />
		<Unit filename="lix/platform.cpp" />
		<Unit filename="lix/roper.cpp" />
		<Unit filename="lix/runner.cpp" />
		<Unit filename="lix/stunner.cpp" />
		<Unit filename="lix/tumbler.cpp" />
		<Unit filename="lix/walker.cpp" />
		<Unit filename="menu/brow_big.cpp" />
		<Unit filename="menu/brow_big.h" />
		<Unit filename="menu/brow_rep.cpp" />
		<Unit filename="menu/brow_sin.cpp" />
		<Unit filename="menu/browsers.h" />
		<Unit filename="menu/little.cpp" />
		<Unit filename="menu/little.h" />
		<Unit filename="menu/lobby.cpp" />
		<Unit filename="menu/lobby.h" />
		<Unit filename="menu/lobby_li.cpp" />
		<Unit filename="menu/lobby_li.h" />
		<Unit filename="menu/lobby_ro.cpp" />
		<Unit filename="menu/lobby_ro.h" />
		<Unit filename="menu/main_men.cpp" />
		<Unit filename="menu/main_men.h" />
		<Unit filename="menu/menu.cpp" />
		<Unit filename="menu/menu.h" />
		<Unit filename="menu/options.cpp" />
		<Unit filename="menu/options.h" />
		<Unit filename="menu/preview.cpp" />
		<Unit filename="menu/preview.h" />
		<Unit filename="network/client.cpp" />
		<Unit filename="network/client.h" />
		<Unit filename="network/client_c.cpp" />
		<Unit filename="network/net_t.cpp" />
		<Unit filename="network/net_t.h" />
		<Unit filename="network/network.cpp" />
		<Unit filename="network/network.h" />
		<Unit filename="network/permu.cpp" />
		<Unit filename="network/permu.h" />
		<Unit filename="network/server.cpp" />
		<Unit filename="network/server.h" />
		<Unit filename="network/server_c.cpp" />
		<Unit filename="other/console.cpp" />
		<Unit filename="other/console.h" />
		<Unit filename="other/date.cpp" />
		<Unit filename="other/date.h" />
		<Unit filename="other/filename.cpp" />
		<Unit filename="other/filename.h" />
		<Unit filename="other/globals.cpp" />
		<Unit filename="other/globals.h" />
		<Unit filename="other/hardware.cpp" />
		<Unit filename="other/hardware.h" />
		<Unit filename="other/help.cpp" />
		<Unit filename="other/help.h" />
		<Unit filename="other/io.cpp" />
		<Unit filename="other/io.h" />
		<Unit filename="other/language.cpp" />
		<Unit filename="other/language.h" />
		<Unit filename="other/lmain.cpp">
			<Option weight="60" />
		</Unit>
		<Unit filename="other/lmain.h" />
		<Unit filename="other/log.cpp" />
		<Unit filename="other/log.h" />
		<Unit filename="other/main.cpp">
			<Option weight="65" />
		</Unit>
		<Unit filename="other/myalleg.h" />
		<Unit filename="other/types.h" />
		<Unit filename="other/user.cpp" />
		<Unit filename="other/user.h" />
		<Extensions>
			<code_completion />
			<envvars />
			<debugger />
		</Extensions>
	</Project>
</CodeBlocks_project_file>
